
Microsoft Visual Studio Solution File, Format Version 12.00
# Visual Studio 14
VisualStudioVersion = 14.0.25420.1
MinimumVisualStudioVersion = 10.0.40219.1
Project("{FAE04EC0-301F-11D3-BF4B-00C04F79EFBC}") = "FacebookMarketing_Project_CuoiKy", "FacebookMarketing_Project_CuoiKy\FacebookMarketing_Project_CuoiKy.csproj", "{B9BEB586-F212-4CF0-86CC-0D344351E31C}"
EndProject
Project("{54435603-DBB4-11D2-8724-00A0C9A8B90C}") = "CaiDatFbMarketing", "CaiDatFbMarketing\CaiDatFbMarketing.vdproj", "{FC5B8853-2E42-43AE-8289-D51B8E8F7C88}"
EndProject
Project("{FAE04EC0-301F-11D3-BF4B-00C04F79EFBC}") = "Facebook Tools", "Facebook Tools\Facebook Tools.csproj", "{7795A673-70B0-402D-830A-9B949F461C66}"
EndProject
Project("{FAE04EC0-301F-11D3-BF4B-00C04F79EFBC}") = "TestTabPage", "TestTabPage\TestTabPage.csproj", "{23E31F3C-D590-4838-B299-603D1FF94F0F}"
EndProject
Global
	GlobalSection(SolutionConfigurationPlatforms) = preSolution
		Debug|Any CPU = Debug|Any CPU
		Release|Any CPU = Release|Any CPU
	EndGlobalSection
	GlobalSection(ProjectConfigurationPlatforms) = postSolution
		{B9BEB586-F212-4CF0-86CC-0D344351E31C}.Debug|Any CPU.ActiveCfg = Debug|Any CPU
		{B9BEB586-F212-4CF0-86CC-0D344351E31C}.Debug|Any CPU.Build.0 = Debug|Any CPU
		{B9BEB586-F212-4CF0-86CC-0D344351E31C}.Release|Any CPU.ActiveCfg = Release|Any CPU
		{B9BEB586-F212-4CF0-86CC-0D344351E31C}.Release|Any CPU.Build.0 = Release|Any CPU
		{FC5B8853-2E42-43AE-8289-D51B8E8F7C88}.Debug|Any CPU.ActiveCfg = Debug
		{FC5B8853-2E42-43AE-8289-D51B8E8F7C88}.Release|Any CPU.ActiveCfg = Release
		{7795A673-70B0-402D-830A-9B949F461C66}.Debug|Any CPU.ActiveCfg = Debug|Any CPU
		{7795A673-70B0-402D-830A-9B949F461C66}.Debug|Any CPU.Build.0 = Debug|Any CPU
		{7795A673-70B0-402D-830A-9B949F461C66}.Release|Any CPU.ActiveCfg = Release|Any CPU
		{7795A673-70B0-402D-830A-9B949F461C66}.Release|Any CPU.Build.0 = Release|Any CPU
		{23E31F3C-D590-4838-B299-603D1FF94F0F}.Debug|Any CPU.ActiveCfg = Debug|Any CPU
		{23E31F3C-D590-4838-B299-603D1FF94F0F}.Debug|Any CPU.Build.0 = Debug|Any CPU
		{23E31F3C-D590-4838-B299-603D1FF94F0F}.Release|Any CPU.ActiveCfg = Release|Any CPU
		{23E31F3C-D590-4838-B299-603D1FF94F0F}.Release|Any CPU.Build.0 = Release|Any CPU
	EndGlobalSection
	GlobalSection(SolutionProperties) = preSolution
		HideSolutionNode = FALSE
	EndGlobalSection
EndGlobal
